// !$*UTF8*$!
{
	archiveVersion = 1;
	classes = {
	};
	objectVersion = 60;
	objects = {

/* Begin PBXBuildFile section */
		A10000010000000000000001 /* PersonalAgentCompanionApp.swift in Sources */ = {isa = PBXBuildFile; fileRef = A20000010000000000000001 /* PersonalAgentCompanionApp.swift */; };
		A10000010000000000000002 /* CompanionModels.swift in Sources */ = {isa = PBXBuildFile; fileRef = A20000010000000000000002 /* CompanionModels.swift */; };
		A10000010000000000000003 /* CompanionService.swift in Sources */ = {isa = PBXBuildFile; fileRef = A20000010000000000000003 /* CompanionService.swift */; };
		A10000010000000000000004 /* CompanionStore.swift in Sources */ = {isa = PBXBuildFile; fileRef = A20000010000000000000004 /* CompanionStore.swift */; };
		A10000010000000000000005 /* RootView.swift in Sources */ = {isa = PBXBuildFile; fileRef = A20000010000000000000005 /* RootView.swift */; };
		A10000010000000000000006 /* ConversationView.swift in Sources */ = {isa = PBXBuildFile; fileRef = A20000010000000000000006 /* ConversationView.swift */; };
		A10000010000000000000007 /* Assets.xcassets in Resources */ = {isa = PBXBuildFile; fileRef = A20000010000000000000007 /* Assets.xcassets */; };
		A10000010000000000000008 /* PersonalAgentCompanionTests.swift in Sources */ = {isa = PBXBuildFile; fileRef = A20000010000000000000009 /* PersonalAgentCompanionTests.swift */; };
/* End PBXBuildFile section */

/* Begin PBXContainerItemProxy section */
		A30000010000000000000001 /* PBXContainerItemProxy */ = {
			isa = PBXContainerItemProxy;
			containerPortal = A40000010000000000000001 /* Project object */;
			proxyType = 1;
			remoteGlobalIDString = A50000010000000000000001;
			remoteInfo = PersonalAgentCompanion;
		};
/* End PBXContainerItemProxy section */

/* Begin PBXFileReference section */
		A20000010000000000000001 /* PersonalAgentCompanionApp.swift */ = {isa = PBXFileReference; lastKnownFileType = sourcecode.swift; path = PersonalAgentCompanionApp.swift; sourceTree = "<group>"; };
		A20000010000000000000002 /* CompanionModels.swift */ = {isa = PBXFileReference; lastKnownFileType = sourcecode.swift; path = CompanionModels.swift; sourceTree = "<group>"; };
		A20000010000000000000003 /* CompanionService.swift */ = {isa = PBXFileReference; lastKnownFileType = sourcecode.swift; path = CompanionService.swift; sourceTree = "<group>"; };
		A20000010000000000000004 /* CompanionStore.swift */ = {isa = PBXFileReference; lastKnownFileType = sourcecode.swift; path = CompanionStore.swift; sourceTree = "<group>"; };
		A20000010000000000000005 /* RootView.swift */ = {isa = PBXFileReference; lastKnownFileType = sourcecode.swift; path = RootView.swift; sourceTree = "<group>"; };
		A20000010000000000000006 /* ConversationView.swift */ = {isa = PBXFileReference; lastKnownFileType = sourcecode.swift; path = ConversationView.swift; sourceTree = "<group>"; };
		A20000010000000000000007 /* Assets.xcassets */ = {isa = PBXFileReference; lastKnownFileType = folder.assetcatalog; path = Assets.xcassets; sourceTree = "<group>"; };
		A20000010000000000000008 /* Info.plist */ = {isa = PBXFileReference; lastKnownFileType = text.plist.xml; path = Info.plist; sourceTree = "<group>"; };
		A20000010000000000000009 /* PersonalAgentCompanionTests.swift */ = {isa = PBXFileReference; lastKnownFileType = sourcecode.swift; path = PersonalAgentCompanionTests.swift; sourceTree = "<group>"; };
		A20000010000000000000010 /* PersonalAgentCompanion.app */ = {isa = PBXFileReference; explicitFileType = wrapper.application; includeInIndex = 0; path = PersonalAgentCompanion.app; sourceTree = BUILT_PRODUCTS_DIR; };
		A20000010000000000000011 /* PersonalAgentCompanionTests.xctest */ = {isa = PBXFileReference; explicitFileType = wrapper.cfbundle; includeInIndex = 0; path = PersonalAgentCompanionTests.xctest; sourceTree = BUILT_PRODUCTS_DIR; };
/* End PBXFileReference section */

/* Begin PBXFrameworksBuildPhase section */
		A60000010000000000000001 /* Frameworks */ = {
			isa = PBXFrameworksBuildPhase;
			buildActionMask = 2147483647;
			files = (
			);
			runOnlyForDeploymentPostprocessing = 0;
		};
		A60000010000000000000002 /* Frameworks */ = {
			isa = PBXFrameworksBuildPhase;
			buildActionMask = 2147483647;
			files = (
			);
			runOnlyForDeploymentPostprocessing = 0;
		};
/* End PBXFrameworksBuildPhase section */

/* Begin PBXGroup section */
		A70000010000000000000001 = {
			isa = PBXGroup;
			children = (
				A70000010000000000000002 /* PersonalAgentCompanion */,
				A70000010000000000000003 /* PersonalAgentCompanionTests */,
				A70000010000000000000004 /* Products */,
			);
			sourceTree = "<group>";
		};
		A70000010000000000000002 /* PersonalAgentCompanion */ = {
			isa = PBXGroup;
			children = (
				A20000010000000000000001 /* PersonalAgentCompanionApp.swift */,
				A20000010000000000000002 /* CompanionModels.swift */,
				A20000010000000000000003 /* CompanionService.swift */,
				A20000010000000000000004 /* CompanionStore.swift */,
				A20000010000000000000005 /* RootView.swift */,
				A20000010000000000000006 /* ConversationView.swift */,
				A20000010000000000000007 /* Assets.xcassets */,
				A20000010000000000000008 /* Info.plist */,
			);
			path = PersonalAgentCompanion;
			sourceTree = "<group>";
		};
		A70000010000000000000003 /* PersonalAgentCompanionTests */ = {
			isa = PBXGroup;
			children = (
				A20000010000000000000009 /* PersonalAgentCompanionTests.swift */,
			);
			path = PersonalAgentCompanionTests;
			sourceTree = "<group>";
		};
		A70000010000000000000004 /* Products */ = {
			isa = PBXGroup;
			children = (
				A20000010000000000000010 /* PersonalAgentCompanion.app */,
				A20000010000000000000011 /* PersonalAgentCompanionTests.xctest */,
			);
			name = Products;
			sourceTree = "<group>";
		};
/* End PBXGroup section */

/* Begin PBXNativeTarget section */
		A50000010000000000000001 = {
			isa = PBXNativeTarget;
			buildConfigurationList = A90000010000000000000001 /* Build configuration list for PBXNativeTarget "PersonalAgentCompanion" */;
			buildPhases = (
				A80000010000000000000001 /* Sources */,
				A60000010000000000000001 /* Frameworks */,
				A80000010000000000000002 /* Resources */,
			);
			buildRules = (
			);
			dependencies = (
			);
			name = PersonalAgentCompanion;
			productName = PersonalAgentCompanion;
			productReference = A20000010000000000000010 /* PersonalAgentCompanion.app */;
			productType = "com.apple.product-type.application";
		};
		A50000010000000000000002 = {
			isa = PBXNativeTarget;
			buildConfigurationList = A90000010000000000000002 /* Build configuration list for PBXNativeTarget "PersonalAgentCompanionTests" */;
			buildPhases = (
				A80000010000000000000003 /* Sources */,
				A60000010000000000000002 /* Frameworks */,
			);
			buildRules = (
			);
			dependencies = (
				AA0000010000000000000001 /* PBXTargetDependency */,
			);
			name = PersonalAgentCompanionTests;
			productName = PersonalAgentCompanionTests;
			productReference = A20000010000000000000011 /* PersonalAgentCompanionTests.xctest */;
			productType = "com.apple.product-type.bundle.unit-test";
		};
/* End PBXNativeTarget section */

/* Begin PBXProject section */
		A40000010000000000000001 /* Project object */ = {
			isa = PBXProject;
			attributes = {
				BuildIndependentTargetsInParallel = 1;
				LastSwiftUpdateCheck = 2600;
				LastUpgradeCheck = 2600;
				TargetAttributes = {
					A50000010000000000000001 = {
						CreatedOnToolsVersion = 26.4;
					};
					A50000010000000000000002 = {
						CreatedOnToolsVersion = 26.4;
						TestTargetID = A50000010000000000000001;
					};
				};
			};
			buildConfigurationList = A90000010000000000000003 /* Build configuration list for PBXProject "PersonalAgentCompanion" */;
			compatibilityVersion = "Xcode 14.0";
			developmentRegion = en;
			hasScannedForEncodings = 0;
			knownRegions = (
				en,
				Base,
			);
			mainGroup = A70000010000000000000001;
			productRefGroup = A70000010000000000000004 /* Products */;
			projectDirPath = "";
			projectRoot = "";
			targets = (
				A50000010000000000000001,
				A50000010000000000000002,
			);
		};
/* End PBXProject section */

/* Begin PBXResourcesBuildPhase section */
		A80000010000000000000002 /* Resources */ = {
			isa = PBXResourcesBuildPhase;
			buildActionMask = 2147483647;
			files = (
				A10000010000000000000007 /* Assets.xcassets in Resources */,
			);
			runOnlyForDeploymentPostprocessing = 0;
		};
/* End PBXResourcesBuildPhase section */

/* Begin PBXSourcesBuildPhase section */
		A80000010000000000000001 /* Sources */ = {
			isa = PBXSourcesBuildPhase;
			buildActionMask = 2147483647;
			files = (
				A10000010000000000000001 /* PersonalAgentCompanionApp.swift in Sources */,
				A10000010000000000000002 /* CompanionModels.swift in Sources */,
				A10000010000000000000003 /* CompanionService.swift in Sources */,
				A10000010000000000000004 /* CompanionStore.swift in Sources */,
				A10000010000000000000005 /* RootView.swift in Sources */,
				A10000010000000000000006 /* ConversationView.swift in Sources */,
			);
			runOnlyForDeploymentPostprocessing = 0;
		};
		A80000010000000000000003 /* Sources */ = {
			isa = PBXSourcesBuildPhase;
			buildActionMask = 2147483647;
			files = (
				A10000010000000000000008 /* PersonalAgentCompanionTests.swift in Sources */,
			);
			runOnlyForDeploymentPostprocessing = 0;
		};
/* End PBXSourcesBuildPhase section */

/* Begin PBXTargetDependency section */
		AA0000010000000000000001 /* PBXTargetDependency */ = {
			isa = PBXTargetDependency;
			target = A50000010000000000000001 /* PersonalAgentCompanion */;
			targetProxy = A30000010000000000000001 /* PBXContainerItemProxy */;
		};
/* End PBXTargetDependency section */

/* Begin XCBuildConfiguration section */
		AB0000010000000000000001 /* Debug */ = {
			isa = XCBuildConfiguration;
			buildSettings = {
				ALWAYS_SEARCH_USER_PATHS = NO;
				CLANG_ENABLE_MODULES = YES;
				CLANG_ENABLE_OBJC_ARC = YES;
				CLANG_WARN_DOCUMENTATION_COMMENTS = YES;
				CLANG_WARN_EMPTY_BODY = YES;
				CLANG_WARN_UNGUARDED_AVAILABILITY = YES_AGGRESSIVE;
				COPY_PHASE_STRIP = NO;
				DEBUG_INFORMATION_FORMAT = dwarf;
				ENABLE_STRICT_OBJC_MSGSEND = YES;
				GCC_C_LANGUAGE_STANDARD = gnu17;
				GCC_NO_COMMON_BLOCKS = YES;
				IPHONEOS_DEPLOYMENT_TARGET = 18.0;
				SDKROOT = iphoneos;
				SWIFT_VERSION = 5.10;
				SWIFT_STRICT_CONCURRENCY = minimal;
				TARGETED_DEVICE_FAMILY = "1,2";
			};
			name = Debug;
		};
		AB0000010000000000000002 /* Release */ = {
			isa = XCBuildConfiguration;
			buildSettings = {
				ALWAYS_SEARCH_USER_PATHS = NO;
				CLANG_ENABLE_MODULES = YES;
				CLANG_ENABLE_OBJC_ARC = YES;
				CLANG_WARN_DOCUMENTATION_COMMENTS = YES;
				CLANG_WARN_EMPTY_BODY = YES;
				CLANG_WARN_UNGUARDED_AVAILABILITY = YES_AGGRESSIVE;
				COPY_PHASE_STRIP = NO;
				DEBUG_INFORMATION_FORMAT = "dwarf-with-dsym";
				ENABLE_NS_ASSERTIONS = NO;
				ENABLE_STRICT_OBJC_MSGSEND = YES;
				GCC_C_LANGUAGE_STANDARD = gnu17;
				GCC_NO_COMMON_BLOCKS = YES;
				IPHONEOS_DEPLOYMENT_TARGET = 18.0;
				SDKROOT = iphoneos;
				SWIFT_VERSION = 5.10;
				SWIFT_STRICT_CONCURRENCY = minimal;
				TARGETED_DEVICE_FAMILY = "1,2";
			};
			name = Release;
		};
		AB0000010000000000000011 /* Debug */ = {
			isa = XCBuildConfiguration;
			buildSettings = {
				ASSETCATALOG_COMPILER_APPICON_NAME = AppIcon;
				ENABLE_TESTABILITY = YES;
				ASSETCATALOG_COMPILER_GLOBAL_ACCENT_COLOR_NAME = AccentColor;
				CODE_SIGN_STYLE = Automatic;
				CURRENT_PROJECT_VERSION = 1;
				DEVELOPMENT_TEAM = "";
				GENERATE_INFOPLIST_FILE = NO;
				INFOPLIST_FILE = PersonalAgentCompanion/Info.plist;
				INFOPLIST_KEY_UIApplicationSupportsIndirectInputEvents = YES;
				LD_RUNPATH_SEARCH_PATHS = (
					"$(inherited)",
					"@executable_path/Frameworks",
				);
				MARKETING_VERSION = 0.1;
				PRODUCT_BUNDLE_IDENTIFIER = com.personalagent.ios.companion;
				PRODUCT_NAME = "$(TARGET_NAME)";
				SUPPORTED_PLATFORMS = "iphoneos iphonesimulator";
				SWIFT_EMIT_LOC_STRINGS = YES;
			};
			name = Debug;
		};
		AB0000010000000000000012 /* Release */ = {
			isa = XCBuildConfiguration;
			buildSettings = {
				ASSETCATALOG_COMPILER_APPICON_NAME = AppIcon;
				ASSETCATALOG_COMPILER_GLOBAL_ACCENT_COLOR_NAME = AccentColor;
				CODE_SIGN_STYLE = Automatic;
				CURRENT_PROJECT_VERSION = 1;
				DEVELOPMENT_TEAM = "";
				GENERATE_INFOPLIST_FILE = NO;
				INFOPLIST_FILE = PersonalAgentCompanion/Info.plist;
				INFOPLIST_KEY_UIApplicationSupportsIndirectInputEvents = YES;
				LD_RUNPATH_SEARCH_PATHS = (
					"$(inherited)",
					"@executable_path/Frameworks",
				);
				MARKETING_VERSION = 0.1;
				PRODUCT_BUNDLE_IDENTIFIER = com.personalagent.ios.companion;
				PRODUCT_NAME = "$(TARGET_NAME)";
				SUPPORTED_PLATFORMS = "iphoneos iphonesimulator";
				SWIFT_EMIT_LOC_STRINGS = YES;
			};
			name = Release;
		};
		AB0000010000000000000021 /* Debug */ = {
			isa = XCBuildConfiguration;
			buildSettings = {
				BUNDLE_LOADER = "$(TEST_HOST)";
				CODE_SIGN_STYLE = Automatic;
				CURRENT_PROJECT_VERSION = 1;
				DEVELOPMENT_TEAM = "";
				GENERATE_INFOPLIST_FILE = YES;
				LD_RUNPATH_SEARCH_PATHS = (
					"$(inherited)",
					"@executable_path/Frameworks",
					"@loader_path/Frameworks",
				);
				MARKETING_VERSION = 0.1;
				PRODUCT_BUNDLE_IDENTIFIER = com.personalagent.ios.companion.tests;
				PRODUCT_NAME = "$(TARGET_NAME)";
				SUPPORTED_PLATFORMS = "iphoneos iphonesimulator";
				TEST_HOST = "$(BUILT_PRODUCTS_DIR)/PersonalAgentCompanion.app/$(BUNDLE_EXECUTABLE_FOLDER_PATH)/PersonalAgentCompanion";
			};
			name = Debug;
		};
		AB0000010000000000000022 /* Release */ = {
			isa = XCBuildConfiguration;
			buildSettings = {
				BUNDLE_LOADER = "$(TEST_HOST)";
				CODE_SIGN_STYLE = Automatic;
				CURRENT_PROJECT_VERSION = 1;
				DEVELOPMENT_TEAM = "";
				GENERATE_INFOPLIST_FILE = YES;
				LD_RUNPATH_SEARCH_PATHS = (
					"$(inherited)",
					"@executable_path/Frameworks",
					"@loader_path/Frameworks",
				);
				MARKETING_VERSION = 0.1;
				PRODUCT_BUNDLE_IDENTIFIER = com.personalagent.ios.companion.tests;
				PRODUCT_NAME = "$(TARGET_NAME)";
				SUPPORTED_PLATFORMS = "iphoneos iphonesimulator";
				TEST_HOST = "$(BUILT_PRODUCTS_DIR)/PersonalAgentCompanion.app/$(BUNDLE_EXECUTABLE_FOLDER_PATH)/PersonalAgentCompanion";
			};
			name = Release;
		};
/* End XCBuildConfiguration section */

/* Begin XCConfigurationList section */
		A90000010000000000000001 /* Build configuration list for PBXNativeTarget "PersonalAgentCompanion" */ = {
			isa = XCConfigurationList;
			buildConfigurations = (
				AB0000010000000000000011 /* Debug */,
				AB0000010000000000000012 /* Release */,
			);
			defaultConfigurationIsVisible = 0;
			defaultConfigurationName = Release;
		};
		A90000010000000000000002 /* Build configuration list for PBXNativeTarget "PersonalAgentCompanionTests" */ = {
			isa = XCConfigurationList;
			buildConfigurations = (
				AB0000010000000000000021 /* Debug */,
				AB0000010000000000000022 /* Release */,
			);
			defaultConfigurationIsVisible = 0;
			defaultConfigurationName = Release;
		};
		A90000010000000000000003 /* Build configuration list for PBXProject "PersonalAgentCompanion" */ = {
			isa = XCConfigurationList;
			buildConfigurations = (
				AB0000010000000000000001 /* Debug */,
				AB0000010000000000000002 /* Release */,
			);
			defaultConfigurationIsVisible = 0;
			defaultConfigurationName = Release;
		};
/* End XCConfigurationList section */
	};
	rootObject = A40000010000000000000001 /* Project object */;
}
